
Microsoft Visual Studio Solution File, Format Version 12.00
# Visual Studio Version 16
VisualStudioVersion = 16.0.30523.141
MinimumVisualStudioVersion = 10.0.40219.1
Project("{FAE04EC0-301F-11D3-BF4B-00C04F79EFBC}") = "DemoEscuela", "DemoEscuela\DemoEscuela.csproj", "{68DC4129-F887-4E2A-A1F9-98D745EBB731}"
EndProject
Global
	GlobalSection(SolutionConfigurationPlatforms) = preSolution
		Debug|Any CPU = Debug|Any CPU
		Release|Any CPU = Release|Any CPU
	EndGlobalSection
	GlobalSection(ProjectConfigurationPlatforms) = postSolution
		{68DC4129-F887-4E2A-A1F9-98D745EBB731}.Debug|Any CPU.ActiveCfg = Debug|Any CPU
		{68DC4129-F887-4E2A-A1F9-98D745EBB731}.Debug|Any CPU.Build.0 = Debug|Any CPU
		{68DC4129-F887-4E2A-A1F9-98D745EBB731}.Release|Any CPU.ActiveCfg = Release|Any CPU
		{68DC4129-F887-4E2A-A1F9-98D745EBB731}.Release|Any CPU.Build.0 = Release|Any CPU
	EndGlobalSection
	GlobalSection(SolutionProperties) = preSolution
		HideSolutionNode = FALSE
	EndGlobalSection
	GlobalSection(ExtensibilityGlobals) = postSolution
		SolutionGuid = {704EE53F-9312-4C07-8F34-3BE727E695F9}
	EndGlobalSection
EndGlobal
